{
  "name": "benchmark",
  "lockfileVersion": 3,
  "requires": true,
  "packages": {
    "": {
      "dependencies": {
        "igo-dust": "^0.3.5"
      }
    },
    "node_modules/igo-dust": {
      "version": "0.3.5",
      "resolved": "https://registry.npmjs.org/igo-dust/-/igo-dust-0.3.5.tgz",
      "integrity": "sha512-U8oO86ZmjtMSl7x3sKp+KAfaBNFFa/4HJ5RfwuzikQDvloRAX9y7E2E8ChzFKSdjjhE20EvhKydIUY7xN02jQw=="
    }
  }
}
